
Microsoft Visual Studio Solution File, Format Version 12.00
# Visual Studio Version 17
VisualStudioVersion = 17.6.33815.320
MinimumVisualStudioVersion = 10.0.40219.1
Project("{9A19103F-16F7-4668-BE54-9A1E7A4F7556}") = "API", "API\API.csproj", "{44029BD6-F0B9-4575-A8AB-4F66F6C94C2A}"
EndProject
Project("{FAE04EC0-301F-11D3-BF4B-00C04F79EFBC}") = "Client", "Client\Client.csproj", "{239EA6A1-D86E-41F4-A7FA-DD031E30968F}"
EndProject
Global
	GlobalSection(SolutionConfigurationPlatforms) = preSolution
		Debug|Any CPU = Debug|Any CPU
		Release|Any CPU = Release|Any CPU
	EndGlobalSection
	GlobalSection(ProjectConfigurationPlatforms) = postSolution
		{44029BD6-F0B9-4575-A8AB-4F66F6C94C2A}.Debug|Any CPU.ActiveCfg = Debug|Any CPU
		{44029BD6-F0B9-4575-A8AB-4F66F6C94C2A}.Debug|Any CPU.Build.0 = Debug|Any CPU
		{44029BD6-F0B9-4575-A8AB-4F66F6C94C2A}.Release|Any CPU.ActiveCfg = Release|Any CPU
		{44029BD6-F0B9-4575-A8AB-4F66F6C94C2A}.Release|Any CPU.Build.0 = Release|Any CPU
		{239EA6A1-D86E-41F4-A7FA-DD031E30968F}.Debug|Any CPU.ActiveCfg = Debug|Any CPU
		{239EA6A1-D86E-41F4-A7FA-DD031E30968F}.Debug|Any CPU.Build.0 = Debug|Any CPU
		{239EA6A1-D86E-41F4-A7FA-DD031E30968F}.Release|Any CPU.ActiveCfg = Release|Any CPU
		{239EA6A1-D86E-41F4-A7FA-DD031E30968F}.Release|Any CPU.Build.0 = Release|Any CPU
	EndGlobalSection
	GlobalSection(SolutionProperties) = preSolution
		HideSolutionNode = FALSE
	EndGlobalSection
	GlobalSection(ExtensibilityGlobals) = postSolution
		SolutionGuid = {52D1CA12-9F45-45C7-B25A-6A19944268F3}
	EndGlobalSection
EndGlobal
